
Microsoft Visual Studio Solution File, Format Version 12.00
# Visual Studio Version 17
VisualStudioVersion = 17.0.31903.59
MinimumVisualStudioVersion = 10.0.40219.1
Project("{2150E333-8FDC-42A3-9474-1A3956D46DE8}") = "examples", "examples", "{16671E85-B961-4076-AC39-3004C9A0BE38}"
EndProject
Project("{FAE04EC0-301F-11D3-BF4B-00C04F79EFBC}") = "Wise4012ISensingExample", "examples\wise-4012-isensing\Wise4012ISensingExample.csproj", "{D2014F41-403F-4963-A205-C606BEDB366B}"
EndProject
Project("{FAE04EC0-301F-11D3-BF4B-00C04F79EFBC}") = "Wise4012Example", "examples\wise-4012\Wise4012Example.csproj", "{72693B70-3482-409D-92E4-77708F75871C}"
EndProject
Project("{FAE04EC0-301F-11D3-BF4B-00C04F79EFBC}") = "TransformDspConfig", "tutorials\01-transform-dsp-config\TransformDspConfig.csproj", "{674A4A8A-1F0B-43D1-A82C-DD1A81EE832A}"
EndProject
Project("{FAE04EC0-301F-11D3-BF4B-00C04F79EFBC}") = "TransformDspProgrammatic", "tutorials\02-transform-dsp-programmatic\TransformDspProgrammatic.csproj", "{52AB65A5-EF03-4F1C-AE5C-C8CCD30806EC}"
EndProject
Project("{2150E333-8FDC-42A3-9474-1A3956D46DE8}") = "src", "src", "{99AFC1DE-7468-41CD-B1F9-6D1169C137E3}"
EndProject
Project("{FAE04EC0-301F-11D3-BF4B-00C04F79EFBC}") = "Weda.SubNode.Abstractions", "src\Weda.SubNode.Abstractions\Weda.SubNode.Abstractions.csproj", "{3266FE6A-43BA-4093-BEB7-302F09E7EAF8}"
EndProject
Project("{FAE04EC0-301F-11D3-BF4B-00C04F79EFBC}") = "Weda.SubNode.Cloud", "src\Weda.SubNode.Cloud\Weda.SubNode.Cloud.csproj", "{FE360602-EBB8-4F28-9D2A-0FD27A01393F}"
EndProject
Project("{FAE04EC0-301F-11D3-BF4B-00C04F79EFBC}") = "Weda.SubNode.Core", "src\Weda.SubNode.Core\Weda.SubNode.Core.csproj", "{D16BE4CD-02E2-40C2-BA81-FE2FC902F5B7}"
EndProject
Project("{FAE04EC0-301F-11D3-BF4B-00C04F79EFBC}") = "Weda.SubNode.Devices", "src\Weda.SubNode.Devices\Weda.SubNode.Devices.csproj", "{EA78B992-0576-46BC-AD9F-18EC420CFAC7}"
EndProject
Project("{FAE04EC0-301F-11D3-BF4B-00C04F79EFBC}") = "Weda.SubNode.Host", "src\Weda.SubNode.Host\Weda.SubNode.Host.csproj", "{7087E022-1FEC-4B6A-9550-9971B772AC03}"
EndProject
Project("{FAE04EC0-301F-11D3-BF4B-00C04F79EFBC}") = "Weda.SubNode.Simulators", "src\Weda.SubNode.Simulators\Weda.SubNode.Simulators.csproj", "{BECA2FEC-F775-4577-B7A1-930A8758ADBA}"
EndProject
Project("{2150E333-8FDC-42A3-9474-1A3956D46DE8}") = "templates", "templates", "{BBF4C27B-430A-4D87-B61F-6D76B820A2B9}"
EndProject
Project("{FAE04EC0-301F-11D3-BF4B-00C04F79EFBC}") = "WedaSubNode", "templates\subnode\WedaSubNode.csproj", "{1AB4B508-7C00-4371-BDE5-0177AD5C06E5}"
EndProject
Project("{FAE04EC0-301F-11D3-BF4B-00C04F79EFBC}") = "WedaBuilder", "templates\wedabuilder\WedaBuilder.csproj", "{72434114-A58F-4703-8CB9-1E70A1070E3B}"
EndProject
Project("{2150E333-8FDC-42A3-9474-1A3956D46DE8}") = "tests", "tests", "{6E21B7CD-5ECE-4215-8AC5-932150E45D70}"
EndProject
Project("{FAE04EC0-301F-11D3-BF4B-00C04F79EFBC}") = "Weda.SubNode.Core.Tests", "tests\Weda.SubNode.Core.Tests\Weda.SubNode.Core.Tests.csproj", "{A559AF49-6631-45D8-A2CF-6C7192FD4EB8}"
EndProject
Project("{FAE04EC0-301F-11D3-BF4B-00C04F79EFBC}") = "Weda.SubNode.Integration.Tests", "tests\Weda.SubNode.Integration.Tests\Weda.SubNode.Integration.Tests.csproj", "{09E8F688-1B6E-4CAB-A58E-9683BFCE7CAD}"
EndProject
Project("{FAE04EC0-301F-11D3-BF4B-00C04F79EFBC}") = "Weda.SubNode.TestBase", "tests\Weda.SubNode.TestBase\Weda.SubNode.TestBase.csproj", "{F96C2CEA-59C7-46BB-98F0-0611EC94A213}"
EndProject
Project("{2150E333-8FDC-42A3-9474-1A3956D46DE8}") = "wise-4012-builder", "wise-4012-builder", "{D80B5DC4-ADD0-B355-1CED-0956DF3E0F52}"
EndProject
Project("{FAE04EC0-301F-11D3-BF4B-00C04F79EFBC}") = "Wise4012Builder", "examples\wise-4012-builder\Wise4012Builder.csproj", "{443202A0-477E-47D7-9944-E28DCA4E0F7A}"
EndProject
Project("{FAE04EC0-301F-11D3-BF4B-00C04F79EFBC}") = "testdevice", "examples\testdevice\testdevice.csproj", "{46353D37-32FF-44D5-AE50-1E1F9EF8C2B1}"
EndProject
Project("{FAE04EC0-301F-11D3-BF4B-00C04F79EFBC}") = "stock-monitor", "examples\stock-monitor\stock-monitor.csproj", "{5D17CBB9-3080-4621-9A20-0D99527C6F6A}"
EndProject
Project("{FAE04EC0-301F-11D3-BF4B-00C04F79EFBC}") = "PowerAggregation", "examples\power-aggregation\PowerAggregation.csproj", "{49459EB9-0E73-41C5-A85E-4D4192653D95}"
EndProject
Project("{FAE04EC0-301F-11D3-BF4B-00C04F79EFBC}") = "SystemAgentDevice", "examples\system-agent\SystemAgentDevice.csproj", "{623A6013-FE4B-720B-2B45-F608A26FB25E}"
EndProject
Project("{FAE04EC0-301F-11D3-BF4B-00C04F79EFBC}") = "Weda.SubNode.WebApi", "src\Weda.SubNode.WebApi\Weda.SubNode.WebApi.csproj", "{F3B8F7B0-D73A-4A39-9551-5E348C83827A}"
EndProject
Project("{FAE04EC0-301F-11D3-BF4B-00C04F79EFBC}") = "SystemAgentDevice.Tests", "tests\SystemAgentDevice.Tests\SystemAgentDevice.Tests.csproj", "{A1FF9A39-56FE-4AEA-BA66-4CBA0BECEB9C}"
EndProject
Project("{2150E333-8FDC-42A3-9474-1A3956D46DE8}") = "system-agent", "system-agent", "{9EAC4A7B-2835-BFB1-F1B2-36731D54090B}"
EndProject
Project("{FAE04EC0-301F-11D3-BF4B-00C04F79EFBC}") = "opcua-device", "examples\opcua-device\opcua-device.csproj", "{C21861EB-8580-4D31-BFE6-467C723EA721}"
EndProject
Global
	GlobalSection(SolutionConfigurationPlatforms) = preSolution
		Debug|Any CPU = Debug|Any CPU
		Debug|x64 = Debug|x64
		Debug|x86 = Debug|x86
		Release|Any CPU = Release|Any CPU
		Release|x64 = Release|x64
		Release|x86 = Release|x86
	EndGlobalSection
	GlobalSection(ProjectConfigurationPlatforms) = postSolution
		{D2014F41-403F-4963-A205-C606BEDB366B}.Debug|Any CPU.ActiveCfg = Debug|Any CPU
		{D2014F41-403F-4963-A205-C606BEDB366B}.Debug|Any CPU.Build.0 = Debug|Any CPU
		{D2014F41-403F-4963-A205-C606BEDB366B}.Debug|x64.ActiveCfg = Debug|Any CPU
		{D2014F41-403F-4963-A205-C606BEDB366B}.Debug|x64.Build.0 = Debug|Any CPU
		{D2014F41-403F-4963-A205-C606BEDB366B}.Debug|x86.ActiveCfg = Debug|Any CPU
		{D2014F41-403F-4963-A205-C606BEDB366B}.Debug|x86.Build.0 = Debug|Any CPU
		{D2014F41-403F-4963-A205-C606BEDB366B}.Release|Any CPU.ActiveCfg = Release|Any CPU
		{D2014F41-403F-4963-A205-C606BEDB366B}.Release|Any CPU.Build.0 = Release|Any CPU
		{D2014F41-403F-4963-A205-C606BEDB366B}.Release|x64.ActiveCfg = Release|Any CPU
		{D2014F41-403F-4963-A205-C606BEDB366B}.Release|x64.Build.0 = Release|Any CPU
		{D2014F41-403F-4963-A205-C606BEDB366B}.Release|x86.ActiveCfg = Release|Any CPU
		{D2014F41-403F-4963-A205-C606BEDB366B}.Release|x86.Build.0 = Release|Any CPU
		{72693B70-3482-409D-92E4-77708F75871C}.Debug|Any CPU.ActiveCfg = Debug|Any CPU
		{72693B70-3482-409D-92E4-77708F75871C}.Debug|Any CPU.Build.0 = Debug|Any CPU
		{72693B70-3482-409D-92E4-77708F75871C}.Debug|x64.ActiveCfg = Debug|Any CPU
		{72693B70-3482-409D-92E4-77708F75871C}.Debug|x64.Build.0 = Debug|Any CPU
		{72693B70-3482-409D-92E4-77708F75871C}.Debug|x86.ActiveCfg = Debug|Any CPU
		{72693B70-3482-409D-92E4-77708F75871C}.Debug|x86.Build.0 = Debug|Any CPU
		{72693B70-3482-409D-92E4-77708F75871C}.Release|Any CPU.ActiveCfg = Release|Any CPU
		{72693B70-3482-409D-92E4-77708F75871C}.Release|Any CPU.Build.0 = Release|Any CPU
		{72693B70-3482-409D-92E4-77708F75871C}.Release|x64.ActiveCfg = Release|Any CPU
		{72693B70-3482-409D-92E4-77708F75871C}.Release|x64.Build.0 = Release|Any CPU
		{72693B70-3482-409D-92E4-77708F75871C}.Release|x86.ActiveCfg = Release|Any CPU
		{72693B70-3482-409D-92E4-77708F75871C}.Release|x86.Build.0 = Release|Any CPU
		{674A4A8A-1F0B-43D1-A82C-DD1A81EE832A}.Debug|Any CPU.ActiveCfg = Debug|Any CPU
		{674A4A8A-1F0B-43D1-A82C-DD1A81EE832A}.Debug|Any CPU.Build.0 = Debug|Any CPU
		{674A4A8A-1F0B-43D1-A82C-DD1A81EE832A}.Debug|x64.ActiveCfg = Debug|Any CPU
		{674A4A8A-1F0B-43D1-A82C-DD1A81EE832A}.Debug|x64.Build.0 = Debug|Any CPU
		{674A4A8A-1F0B-43D1-A82C-DD1A81EE832A}.Debug|x86.ActiveCfg = Debug|Any CPU
		{674A4A8A-1F0B-43D1-A82C-DD1A81EE832A}.Debug|x86.Build.0 = Debug|Any CPU
		{674A4A8A-1F0B-43D1-A82C-DD1A81EE832A}.Release|Any CPU.ActiveCfg = Release|Any CPU
		{674A4A8A-1F0B-43D1-A82C-DD1A81EE832A}.Release|Any CPU.Build.0 = Release|Any CPU
		{674A4A8A-1F0B-43D1-A82C-DD1A81EE832A}.Release|x64.ActiveCfg = Release|Any CPU
		{674A4A8A-1F0B-43D1-A82C-DD1A81EE832A}.Release|x64.Build.0 = Release|Any CPU
		{674A4A8A-1F0B-43D1-A82C-DD1A81EE832A}.Release|x86.ActiveCfg = Release|Any CPU
		{674A4A8A-1F0B-43D1-A82C-DD1A81EE832A}.Release|x86.Build.0 = Release|Any CPU
		{52AB65A5-EF03-4F1C-AE5C-C8CCD30806EC}.Debug|Any CPU.ActiveCfg = Debug|Any CPU
		{52AB65A5-EF03-4F1C-AE5C-C8CCD30806EC}.Debug|Any CPU.Build.0 = Debug|Any CPU
		{52AB65A5-EF03-4F1C-AE5C-C8CCD30806EC}.Debug|x64.ActiveCfg = Debug|Any CPU
		{52AB65A5-EF03-4F1C-AE5C-C8CCD30806EC}.Debug|x64.Build.0 = Debug|Any CPU
		{52AB65A5-EF03-4F1C-AE5C-C8CCD30806EC}.Debug|x86.ActiveCfg = Debug|Any CPU
		{52AB65A5-EF03-4F1C-AE5C-C8CCD30806EC}.Debug|x86.Build.0 = Debug|Any CPU
		{52AB65A5-EF03-4F1C-AE5C-C8CCD30806EC}.Release|Any CPU.ActiveCfg = Release|Any CPU
		{52AB65A5-EF03-4F1C-AE5C-C8CCD30806EC}.Release|Any CPU.Build.0 = Release|Any CPU
		{52AB65A5-EF03-4F1C-AE5C-C8CCD30806EC}.Release|x64.ActiveCfg = Release|Any CPU
		{52AB65A5-EF03-4F1C-AE5C-C8CCD30806EC}.Release|x64.Build.0 = Release|Any CPU
		{52AB65A5-EF03-4F1C-AE5C-C8CCD30806EC}.Release|x86.ActiveCfg = Release|Any CPU
		{52AB65A5-EF03-4F1C-AE5C-C8CCD30806EC}.Release|x86.Build.0 = Release|Any CPU
		{3266FE6A-43BA-4093-BEB7-302F09E7EAF8}.Debug|Any CPU.ActiveCfg = Debug|Any CPU
		{3266FE6A-43BA-4093-BEB7-302F09E7EAF8}.Debug|Any CPU.Build.0 = Debug|Any CPU
		{3266FE6A-43BA-4093-BEB7-302F09E7EAF8}.Debug|x64.ActiveCfg = Debug|Any CPU
		{3266FE6A-43BA-4093-BEB7-302F09E7EAF8}.Debug|x64.Build.0 = Debug|Any CPU
		{3266FE6A-43BA-4093-BEB7-302F09E7EAF8}.Debug|x86.ActiveCfg = Debug|Any CPU
		{3266FE6A-43BA-4093-BEB7-302F09E7EAF8}.Debug|x86.Build.0 = Debug|Any CPU
		{3266FE6A-43BA-4093-BEB7-302F09E7EAF8}.Release|Any CPU.ActiveCfg = Release|Any CPU
		{3266FE6A-43BA-4093-BEB7-302F09E7EAF8}.Release|Any CPU.Build.0 = Release|Any CPU
		{3266FE6A-43BA-4093-BEB7-302F09E7EAF8}.Release|x64.ActiveCfg = Release|Any CPU
		{3266FE6A-43BA-4093-BEB7-302F09E7EAF8}.Release|x64.Build.0 = Release|Any CPU
		{3266FE6A-43BA-4093-BEB7-302F09E7EAF8}.Release|x86.ActiveCfg = Release|Any CPU
		{3266FE6A-43BA-4093-BEB7-302F09E7EAF8}.Release|x86.Build.0 = Release|Any CPU
		{FE360602-EBB8-4F28-9D2A-0FD27A01393F}.Debug|Any CPU.ActiveCfg = Debug|Any CPU
		{FE360602-EBB8-4F28-9D2A-0FD27A01393F}.Debug|Any CPU.Build.0 = Debug|Any CPU
		{FE360602-EBB8-4F28-9D2A-0FD27A01393F}.Debug|x64.ActiveCfg = Debug|Any CPU
		{FE360602-EBB8-4F28-9D2A-0FD27A01393F}.Debug|x64.Build.0 = Debug|Any CPU
		{FE360602-EBB8-4F28-9D2A-0FD27A01393F}.Debug|x86.ActiveCfg = Debug|Any CPU
		{FE360602-EBB8-4F28-9D2A-0FD27A01393F}.Debug|x86.Build.0 = Debug|Any CPU
		{FE360602-EBB8-4F28-9D2A-0FD27A01393F}.Release|Any CPU.ActiveCfg = Release|Any CPU
		{FE360602-EBB8-4F28-9D2A-0FD27A01393F}.Release|Any CPU.Build.0 = Release|Any CPU
		{FE360602-EBB8-4F28-9D2A-0FD27A01393F}.Release|x64.ActiveCfg = Release|Any CPU
		{FE360602-EBB8-4F28-9D2A-0FD27A01393F}.Release|x64.Build.0 = Release|Any CPU
		{FE360602-EBB8-4F28-9D2A-0FD27A01393F}.Release|x86.ActiveCfg = Release|Any CPU
		{FE360602-EBB8-4F28-9D2A-0FD27A01393F}.Release|x86.Build.0 = Release|Any CPU
		{D16BE4CD-02E2-40C2-BA81-FE2FC902F5B7}.Debug|Any CPU.ActiveCfg = Debug|Any CPU
		{D16BE4CD-02E2-40C2-BA81-FE2FC902F5B7}.Debug|Any CPU.Build.0 = Debug|Any CPU
		{D16BE4CD-02E2-40C2-BA81-FE2FC902F5B7}.Debug|x64.ActiveCfg = Debug|Any CPU
		{D16BE4CD-02E2-40C2-BA81-FE2FC902F5B7}.Debug|x64.Build.0 = Debug|Any CPU
		{D16BE4CD-02E2-40C2-BA81-FE2FC902F5B7}.Debug|x86.ActiveCfg = Debug|Any CPU
		{D16BE4CD-02E2-40C2-BA81-FE2FC902F5B7}.Debug|x86.Build.0 = Debug|Any CPU
		{D16BE4CD-02E2-40C2-BA81-FE2FC902F5B7}.Release|Any CPU.ActiveCfg = Release|Any CPU
		{D16BE4CD-02E2-40C2-BA81-FE2FC902F5B7}.Release|Any CPU.Build.0 = Release|Any CPU
		{D16BE4CD-02E2-40C2-BA81-FE2FC902F5B7}.Release|x64.ActiveCfg = Release|Any CPU
		{D16BE4CD-02E2-40C2-BA81-FE2FC902F5B7}.Release|x64.Build.0 = Release|Any CPU
		{D16BE4CD-02E2-40C2-BA81-FE2FC902F5B7}.Release|x86.ActiveCfg = Release|Any CPU
		{D16BE4CD-02E2-40C2-BA81-FE2FC902F5B7}.Release|x86.Build.0 = Release|Any CPU
		{EA78B992-0576-46BC-AD9F-18EC420CFAC7}.Debug|Any CPU.ActiveCfg = Debug|Any CPU
		{EA78B992-0576-46BC-AD9F-18EC420CFAC7}.Debug|Any CPU.Build.0 = Debug|Any CPU
		{EA78B992-0576-46BC-AD9F-18EC420CFAC7}.Debug|x64.ActiveCfg = Debug|Any CPU
		{EA78B992-0576-46BC-AD9F-18EC420CFAC7}.Debug|x64.Build.0 = Debug|Any CPU
		{EA78B992-0576-46BC-AD9F-18EC420CFAC7}.Debug|x86.ActiveCfg = Debug|Any CPU
		{EA78B992-0576-46BC-AD9F-18EC420CFAC7}.Debug|x86.Build.0 = Debug|Any CPU
		{EA78B992-0576-46BC-AD9F-18EC420CFAC7}.Release|Any CPU.ActiveCfg = Release|Any CPU
		{EA78B992-0576-46BC-AD9F-18EC420CFAC7}.Release|Any CPU.Build.0 = Release|Any CPU
		{EA78B992-0576-46BC-AD9F-18EC420CFAC7}.Release|x64.ActiveCfg = Release|Any CPU
		{EA78B992-0576-46BC-AD9F-18EC420CFAC7}.Release|x64.Build.0 = Release|Any CPU
		{EA78B992-0576-46BC-AD9F-18EC420CFAC7}.Release|x86.ActiveCfg = Release|Any CPU
		{EA78B992-0576-46BC-AD9F-18EC420CFAC7}.Release|x86.Build.0 = Release|Any CPU
		{7087E022-1FEC-4B6A-9550-9971B772AC03}.Debug|Any CPU.ActiveCfg = Debug|Any CPU
		{7087E022-1FEC-4B6A-9550-9971B772AC03}.Debug|Any CPU.Build.0 = Debug|Any CPU
		{7087E022-1FEC-4B6A-9550-9971B772AC03}.Debug|x64.ActiveCfg = Debug|Any CPU
		{7087E022-1FEC-4B6A-9550-9971B772AC03}.Debug|x64.Build.0 = Debug|Any CPU
		{7087E022-1FEC-4B6A-9550-9971B772AC03}.Debug|x86.ActiveCfg = Debug|Any CPU
		{7087E022-1FEC-4B6A-9550-9971B772AC03}.Debug|x86.Build.0 = Debug|Any CPU
		{7087E022-1FEC-4B6A-9550-9971B772AC03}.Release|Any CPU.ActiveCfg = Release|Any CPU
		{7087E022-1FEC-4B6A-9550-9971B772AC03}.Release|Any CPU.Build.0 = Release|Any CPU
		{7087E022-1FEC-4B6A-9550-9971B772AC03}.Release|x64.ActiveCfg = Release|Any CPU
		{7087E022-1FEC-4B6A-9550-9971B772AC03}.Release|x64.Build.0 = Release|Any CPU
		{7087E022-1FEC-4B6A-9550-9971B772AC03}.Release|x86.ActiveCfg = Release|Any CPU
		{7087E022-1FEC-4B6A-9550-9971B772AC03}.Release|x86.Build.0 = Release|Any CPU
		{BECA2FEC-F775-4577-B7A1-930A8758ADBA}.Debug|Any CPU.ActiveCfg = Debug|Any CPU
		{BECA2FEC-F775-4577-B7A1-930A8758ADBA}.Debug|Any CPU.Build.0 = Debug|Any CPU
		{BECA2FEC-F775-4577-B7A1-930A8758ADBA}.Debug|x64.ActiveCfg = Debug|Any CPU
		{BECA2FEC-F775-4577-B7A1-930A8758ADBA}.Debug|x64.Build.0 = Debug|Any CPU
		{BECA2FEC-F775-4577-B7A1-930A8758ADBA}.Debug|x86.ActiveCfg = Debug|Any CPU
		{BECA2FEC-F775-4577-B7A1-930A8758ADBA}.Debug|x86.Build.0 = Debug|Any CPU
		{BECA2FEC-F775-4577-B7A1-930A8758ADBA}.Release|Any CPU.ActiveCfg = Release|Any CPU
		{BECA2FEC-F775-4577-B7A1-930A8758ADBA}.Release|Any CPU.Build.0 = Release|Any CPU
		{BECA2FEC-F775-4577-B7A1-930A8758ADBA}.Release|x64.ActiveCfg = Release|Any CPU
		{BECA2FEC-F775-4577-B7A1-930A8758ADBA}.Release|x64.Build.0 = Release|Any CPU
		{BECA2FEC-F775-4577-B7A1-930A8758ADBA}.Release|x86.ActiveCfg = Release|Any CPU
		{BECA2FEC-F775-4577-B7A1-930A8758ADBA}.Release|x86.Build.0 = Release|Any CPU
		{1AB4B508-7C00-4371-BDE5-0177AD5C06E5}.Debug|Any CPU.ActiveCfg = Debug|Any CPU
		{1AB4B508-7C00-4371-BDE5-0177AD5C06E5}.Debug|Any CPU.Build.0 = Debug|Any CPU
		{1AB4B508-7C00-4371-BDE5-0177AD5C06E5}.Debug|x64.ActiveCfg = Debug|Any CPU
		{1AB4B508-7C00-4371-BDE5-0177AD5C06E5}.Debug|x64.Build.0 = Debug|Any CPU
		{1AB4B508-7C00-4371-BDE5-0177AD5C06E5}.Debug|x86.ActiveCfg = Debug|Any CPU
		{1AB4B508-7C00-4371-BDE5-0177AD5C06E5}.Debug|x86.Build.0 = Debug|Any CPU
		{1AB4B508-7C00-4371-BDE5-0177AD5C06E5}.Release|Any CPU.ActiveCfg = Release|Any CPU
		{1AB4B508-7C00-4371-BDE5-0177AD5C06E5}.Release|Any CPU.Build.0 = Release|Any CPU
		{1AB4B508-7C00-4371-BDE5-0177AD5C06E5}.Release|x64.ActiveCfg = Release|Any CPU
		{1AB4B508-7C00-4371-BDE5-0177AD5C06E5}.Release|x64.Build.0 = Release|Any CPU
		{1AB4B508-7C00-4371-BDE5-0177AD5C06E5}.Release|x86.ActiveCfg = Release|Any CPU
		{1AB4B508-7C00-4371-BDE5-0177AD5C06E5}.Release|x86.Build.0 = Release|Any CPU
		{72434114-A58F-4703-8CB9-1E70A1070E3B}.Debug|Any CPU.ActiveCfg = Debug|Any CPU
		{72434114-A58F-4703-8CB9-1E70A1070E3B}.Debug|Any CPU.Build.0 = Debug|Any CPU
		{72434114-A58F-4703-8CB9-1E70A1070E3B}.Debug|x64.ActiveCfg = Debug|Any CPU
		{72434114-A58F-4703-8CB9-1E70A1070E3B}.Debug|x64.Build.0 = Debug|Any CPU
		{72434114-A58F-4703-8CB9-1E70A1070E3B}.Debug|x86.ActiveCfg = Debug|Any CPU
		{72434114-A58F-4703-8CB9-1E70A1070E3B}.Debug|x86.Build.0 = Debug|Any CPU
		{72434114-A58F-4703-8CB9-1E70A1070E3B}.Release|Any CPU.ActiveCfg = Release|Any CPU
		{72434114-A58F-4703-8CB9-1E70A1070E3B}.Release|Any CPU.Build.0 = Release|Any CPU
		{72434114-A58F-4703-8CB9-1E70A1070E3B}.Release|x64.ActiveCfg = Release|Any CPU
		{72434114-A58F-4703-8CB9-1E70A1070E3B}.Release|x64.Build.0 = Release|Any CPU
		{72434114-A58F-4703-8CB9-1E70A1070E3B}.Release|x86.ActiveCfg = Release|Any CPU
		{72434114-A58F-4703-8CB9-1E70A1070E3B}.Release|x86.Build.0 = Release|Any CPU
		{A559AF49-6631-45D8-A2CF-6C7192FD4EB8}.Debug|Any CPU.ActiveCfg = Debug|Any CPU
		{A559AF49-6631-45D8-A2CF-6C7192FD4EB8}.Debug|Any CPU.Build.0 = Debug|Any CPU
		{A559AF49-6631-45D8-A2CF-6C7192FD4EB8}.Debug|x64.ActiveCfg = Debug|Any CPU
		{A559AF49-6631-45D8-A2CF-6C7192FD4EB8}.Debug|x64.Build.0 = Debug|Any CPU
		{A559AF49-6631-45D8-A2CF-6C7192FD4EB8}.Debug|x86.ActiveCfg = Debug|Any CPU
		{A559AF49-6631-45D8-A2CF-6C7192FD4EB8}.Debug|x86.Build.0 = Debug|Any CPU
		{A559AF49-6631-45D8-A2CF-6C7192FD4EB8}.Release|Any CPU.ActiveCfg = Release|Any CPU
		{A559AF49-6631-45D8-A2CF-6C7192FD4EB8}.Release|Any CPU.Build.0 = Release|Any CPU
		{A559AF49-6631-45D8-A2CF-6C7192FD4EB8}.Release|x64.ActiveCfg = Release|Any CPU
		{A559AF49-6631-45D8-A2CF-6C7192FD4EB8}.Release|x64.Build.0 = Release|Any CPU
		{A559AF49-6631-45D8-A2CF-6C7192FD4EB8}.Release|x86.ActiveCfg = Release|Any CPU
		{A559AF49-6631-45D8-A2CF-6C7192FD4EB8}.Release|x86.Build.0 = Release|Any CPU
		{09E8F688-1B6E-4CAB-A58E-9683BFCE7CAD}.Debug|Any CPU.ActiveCfg = Debug|Any CPU
		{09E8F688-1B6E-4CAB-A58E-9683BFCE7CAD}.Debug|Any CPU.Build.0 = Debug|Any CPU
		{09E8F688-1B6E-4CAB-A58E-9683BFCE7CAD}.Debug|x64.ActiveCfg = Debug|Any CPU
		{09E8F688-1B6E-4CAB-A58E-9683BFCE7CAD}.Debug|x64.Build.0 = Debug|Any CPU
		{09E8F688-1B6E-4CAB-A58E-9683BFCE7CAD}.Debug|x86.ActiveCfg = Debug|Any CPU
		{09E8F688-1B6E-4CAB-A58E-9683BFCE7CAD}.Debug|x86.Build.0 = Debug|Any CPU
		{09E8F688-1B6E-4CAB-A58E-9683BFCE7CAD}.Release|Any CPU.ActiveCfg = Release|Any CPU
		{09E8F688-1B6E-4CAB-A58E-9683BFCE7CAD}.Release|Any CPU.Build.0 = Release|Any CPU
		{09E8F688-1B6E-4CAB-A58E-9683BFCE7CAD}.Release|x64.ActiveCfg = Release|Any CPU
		{09E8F688-1B6E-4CAB-A58E-9683BFCE7CAD}.Release|x64.Build.0 = Release|Any CPU
		{09E8F688-1B6E-4CAB-A58E-9683BFCE7CAD}.Release|x86.ActiveCfg = Release|Any CPU
		{09E8F688-1B6E-4CAB-A58E-9683BFCE7CAD}.Release|x86.Build.0 = Release|Any CPU
		{F96C2CEA-59C7-46BB-98F0-0611EC94A213}.Debug|Any CPU.ActiveCfg = Debug|Any CPU
		{F96C2CEA-59C7-46BB-98F0-0611EC94A213}.Debug|Any CPU.Build.0 = Debug|Any CPU
		{F96C2CEA-59C7-46BB-98F0-0611EC94A213}.Debug|x64.ActiveCfg = Debug|Any CPU
		{F96C2CEA-59C7-46BB-98F0-0611EC94A213}.Debug|x64.Build.0 = Debug|Any CPU
		{F96C2CEA-59C7-46BB-98F0-0611EC94A213}.Debug|x86.ActiveCfg = Debug|Any CPU
		{F96C2CEA-59C7-46BB-98F0-0611EC94A213}.Debug|x86.Build.0 = Debug|Any CPU
		{F96C2CEA-59C7-46BB-98F0-0611EC94A213}.Release|Any CPU.ActiveCfg = Release|Any CPU
		{F96C2CEA-59C7-46BB-98F0-0611EC94A213}.Release|Any CPU.Build.0 = Release|Any CPU
		{F96C2CEA-59C7-46BB-98F0-0611EC94A213}.Release|x64.ActiveCfg = Release|Any CPU
		{F96C2CEA-59C7-46BB-98F0-0611EC94A213}.Release|x64.Build.0 = Release|Any CPU
		{F96C2CEA-59C7-46BB-98F0-0611EC94A213}.Release|x86.ActiveCfg = Release|Any CPU
		{F96C2CEA-59C7-46BB-98F0-0611EC94A213}.Release|x86.Build.0 = Release|Any CPU
		{443202A0-477E-47D7-9944-E28DCA4E0F7A}.Debug|Any CPU.ActiveCfg = Debug|Any CPU
		{443202A0-477E-47D7-9944-E28DCA4E0F7A}.Debug|Any CPU.Build.0 = Debug|Any CPU
		{443202A0-477E-47D7-9944-E28DCA4E0F7A}.Debug|x64.ActiveCfg = Debug|Any CPU
		{443202A0-477E-47D7-9944-E28DCA4E0F7A}.Debug|x64.Build.0 = Debug|Any CPU
		{443202A0-477E-47D7-9944-E28DCA4E0F7A}.Debug|x86.ActiveCfg = Debug|Any CPU
		{443202A0-477E-47D7-9944-E28DCA4E0F7A}.Debug|x86.Build.0 = Debug|Any CPU
		{443202A0-477E-47D7-9944-E28DCA4E0F7A}.Release|Any CPU.ActiveCfg = Release|Any CPU
		{443202A0-477E-47D7-9944-E28DCA4E0F7A}.Release|Any CPU.Build.0 = Release|Any CPU
		{443202A0-477E-47D7-9944-E28DCA4E0F7A}.Release|x64.ActiveCfg = Release|Any CPU
		{443202A0-477E-47D7-9944-E28DCA4E0F7A}.Release|x64.Build.0 = Release|Any CPU
		{443202A0-477E-47D7-9944-E28DCA4E0F7A}.Release|x86.ActiveCfg = Release|Any CPU
		{443202A0-477E-47D7-9944-E28DCA4E0F7A}.Release|x86.Build.0 = Release|Any CPU
		{46353D37-32FF-44D5-AE50-1E1F9EF8C2B1}.Debug|Any CPU.ActiveCfg = Debug|Any CPU
		{46353D37-32FF-44D5-AE50-1E1F9EF8C2B1}.Debug|Any CPU.Build.0 = Debug|Any CPU
		{46353D37-32FF-44D5-AE50-1E1F9EF8C2B1}.Debug|x64.ActiveCfg = Debug|Any CPU
		{46353D37-32FF-44D5-AE50-1E1F9EF8C2B1}.Debug|x64.Build.0 = Debug|Any CPU
		{46353D37-32FF-44D5-AE50-1E1F9EF8C2B1}.Debug|x86.ActiveCfg = Debug|Any CPU
		{46353D37-32FF-44D5-AE50-1E1F9EF8C2B1}.Debug|x86.Build.0 = Debug|Any CPU
		{46353D37-32FF-44D5-AE50-1E1F9EF8C2B1}.Release|Any CPU.ActiveCfg = Release|Any CPU
		{46353D37-32FF-44D5-AE50-1E1F9EF8C2B1}.Release|Any CPU.Build.0 = Release|Any CPU
		{46353D37-32FF-44D5-AE50-1E1F9EF8C2B1}.Release|x64.ActiveCfg = Release|Any CPU
		{46353D37-32FF-44D5-AE50-1E1F9EF8C2B1}.Release|x64.Build.0 = Release|Any CPU
		{46353D37-32FF-44D5-AE50-1E1F9EF8C2B1}.Release|x86.ActiveCfg = Release|Any CPU
		{46353D37-32FF-44D5-AE50-1E1F9EF8C2B1}.Release|x86.Build.0 = Release|Any CPU
		{5D17CBB9-3080-4621-9A20-0D99527C6F6A}.Debug|Any CPU.ActiveCfg = Debug|Any CPU
		{5D17CBB9-3080-4621-9A20-0D99527C6F6A}.Debug|Any CPU.Build.0 = Debug|Any CPU
		{5D17CBB9-3080-4621-9A20-0D99527C6F6A}.Debug|x64.ActiveCfg = Debug|Any CPU
		{5D17CBB9-3080-4621-9A20-0D99527C6F6A}.Debug|x64.Build.0 = Debug|Any CPU
		{5D17CBB9-3080-4621-9A20-0D99527C6F6A}.Debug|x86.ActiveCfg = Debug|Any CPU
		{5D17CBB9-3080-4621-9A20-0D99527C6F6A}.Debug|x86.Build.0 = Debug|Any CPU
		{5D17CBB9-3080-4621-9A20-0D99527C6F6A}.Release|Any CPU.ActiveCfg = Release|Any CPU
		{5D17CBB9-3080-4621-9A20-0D99527C6F6A}.Release|Any CPU.Build.0 = Release|Any CPU
		{5D17CBB9-3080-4621-9A20-0D99527C6F6A}.Release|x64.ActiveCfg = Release|Any CPU
		{5D17CBB9-3080-4621-9A20-0D99527C6F6A}.Release|x64.Build.0 = Release|Any CPU
		{5D17CBB9-3080-4621-9A20-0D99527C6F6A}.Release|x86.ActiveCfg = Release|Any CPU
		{5D17CBB9-3080-4621-9A20-0D99527C6F6A}.Release|x86.Build.0 = Release|Any CPU
		{49459EB9-0E73-41C5-A85E-4D4192653D95}.Debug|Any CPU.ActiveCfg = Debug|Any CPU
		{49459EB9-0E73-41C5-A85E-4D4192653D95}.Debug|Any CPU.Build.0 = Debug|Any CPU
		{49459EB9-0E73-41C5-A85E-4D4192653D95}.Debug|x64.ActiveCfg = Debug|Any CPU
		{49459EB9-0E73-41C5-A85E-4D4192653D95}.Debug|x64.Build.0 = Debug|Any CPU
		{49459EB9-0E73-41C5-A85E-4D4192653D95}.Debug|x86.ActiveCfg = Debug|Any CPU
		{49459EB9-0E73-41C5-A85E-4D4192653D95}.Debug|x86.Build.0 = Debug|Any CPU
		{49459EB9-0E73-41C5-A85E-4D4192653D95}.Release|Any CPU.ActiveCfg = Release|Any CPU
		{49459EB9-0E73-41C5-A85E-4D4192653D95}.Release|Any CPU.Build.0 = Release|Any CPU
		{49459EB9-0E73-41C5-A85E-4D4192653D95}.Release|x64.ActiveCfg = Release|Any CPU
		{49459EB9-0E73-41C5-A85E-4D4192653D95}.Release|x64.Build.0 = Release|Any CPU
		{49459EB9-0E73-41C5-A85E-4D4192653D95}.Release|x86.ActiveCfg = Release|Any CPU
		{49459EB9-0E73-41C5-A85E-4D4192653D95}.Release|x86.Build.0 = Release|Any CPU
		{623A6013-FE4B-720B-2B45-F608A26FB25E}.Debug|Any CPU.ActiveCfg = Debug|Any CPU
		{623A6013-FE4B-720B-2B45-F608A26FB25E}.Debug|Any CPU.Build.0 = Debug|Any CPU
		{623A6013-FE4B-720B-2B45-F608A26FB25E}.Debug|x64.ActiveCfg = Debug|Any CPU
		{623A6013-FE4B-720B-2B45-F608A26FB25E}.Debug|x64.Build.0 = Debug|Any CPU
		{623A6013-FE4B-720B-2B45-F608A26FB25E}.Debug|x86.ActiveCfg = Debug|Any CPU
		{623A6013-FE4B-720B-2B45-F608A26FB25E}.Debug|x86.Build.0 = Debug|Any CPU
		{623A6013-FE4B-720B-2B45-F608A26FB25E}.Release|Any CPU.ActiveCfg = Release|Any CPU
		{623A6013-FE4B-720B-2B45-F608A26FB25E}.Release|Any CPU.Build.0 = Release|Any CPU
		{623A6013-FE4B-720B-2B45-F608A26FB25E}.Release|x64.ActiveCfg = Release|Any CPU
		{623A6013-FE4B-720B-2B45-F608A26FB25E}.Release|x64.Build.0 = Release|Any CPU
		{623A6013-FE4B-720B-2B45-F608A26FB25E}.Release|x86.ActiveCfg = Release|Any CPU
		{623A6013-FE4B-720B-2B45-F608A26FB25E}.Release|x86.Build.0 = Release|Any CPU
		{F3B8F7B0-D73A-4A39-9551-5E348C83827A}.Debug|Any CPU.ActiveCfg = Debug|Any CPU
		{F3B8F7B0-D73A-4A39-9551-5E348C83827A}.Debug|Any CPU.Build.0 = Debug|Any CPU
		{F3B8F7B0-D73A-4A39-9551-5E348C83827A}.Debug|x64.ActiveCfg = Debug|Any CPU
		{F3B8F7B0-D73A-4A39-9551-5E348C83827A}.Debug|x64.Build.0 = Debug|Any CPU
		{F3B8F7B0-D73A-4A39-9551-5E348C83827A}.Debug|x86.ActiveCfg = Debug|Any CPU
		{F3B8F7B0-D73A-4A39-9551-5E348C83827A}.Debug|x86.Build.0 = Debug|Any CPU
		{F3B8F7B0-D73A-4A39-9551-5E348C83827A}.Release|Any CPU.ActiveCfg = Release|Any CPU
		{F3B8F7B0-D73A-4A39-9551-5E348C83827A}.Release|Any CPU.Build.0 = Release|Any CPU
		{F3B8F7B0-D73A-4A39-9551-5E348C83827A}.Release|x64.ActiveCfg = Release|Any CPU
		{F3B8F7B0-D73A-4A39-9551-5E348C83827A}.Release|x64.Build.0 = Release|Any CPU
		{F3B8F7B0-D73A-4A39-9551-5E348C83827A}.Release|x86.ActiveCfg = Release|Any CPU
		{F3B8F7B0-D73A-4A39-9551-5E348C83827A}.Release|x86.Build.0 = Release|Any CPU
		{C21861EB-8580-4D31-BFE6-467C723EA721}.Debug|Any CPU.ActiveCfg = Debug|Any CPU
		{C21861EB-8580-4D31-BFE6-467C723EA721}.Debug|Any CPU.Build.0 = Debug|Any CPU
		{C21861EB-8580-4D31-BFE6-467C723EA721}.Debug|x64.ActiveCfg = Debug|Any CPU
		{C21861EB-8580-4D31-BFE6-467C723EA721}.Debug|x64.Build.0 = Debug|Any CPU
		{C21861EB-8580-4D31-BFE6-467C723EA721}.Debug|x86.ActiveCfg = Debug|Any CPU
		{C21861EB-8580-4D31-BFE6-467C723EA721}.Debug|x86.Build.0 = Debug|Any CPU
		{C21861EB-8580-4D31-BFE6-467C723EA721}.Release|Any CPU.ActiveCfg = Release|Any CPU
		{C21861EB-8580-4D31-BFE6-467C723EA721}.Release|Any CPU.Build.0 = Release|Any CPU
		{C21861EB-8580-4D31-BFE6-467C723EA721}.Release|x64.ActiveCfg = Release|Any CPU
		{C21861EB-8580-4D31-BFE6-467C723EA721}.Release|x64.Build.0 = Release|Any CPU
		{C21861EB-8580-4D31-BFE6-467C723EA721}.Release|x86.ActiveCfg = Release|Any CPU
		{C21861EB-8580-4D31-BFE6-467C723EA721}.Release|x86.Build.0 = Release|Any CPU
		{A1FF9A39-56FE-4AEA-BA66-4CBA0BECEB9C}.Debug|Any CPU.ActiveCfg = Debug|Any CPU
		{A1FF9A39-56FE-4AEA-BA66-4CBA0BECEB9C}.Debug|Any CPU.Build.0 = Debug|Any CPU
		{A1FF9A39-56FE-4AEA-BA66-4CBA0BECEB9C}.Debug|x64.ActiveCfg = Debug|Any CPU
		{A1FF9A39-56FE-4AEA-BA66-4CBA0BECEB9C}.Debug|x64.Build.0 = Debug|Any CPU
		{A1FF9A39-56FE-4AEA-BA66-4CBA0BECEB9C}.Debug|x86.ActiveCfg = Debug|Any CPU
		{A1FF9A39-56FE-4AEA-BA66-4CBA0BECEB9C}.Debug|x86.Build.0 = Debug|Any CPU
		{A1FF9A39-56FE-4AEA-BA66-4CBA0BECEB9C}.Release|Any CPU.ActiveCfg = Release|Any CPU
		{A1FF9A39-56FE-4AEA-BA66-4CBA0BECEB9C}.Release|Any CPU.Build.0 = Release|Any CPU
		{A1FF9A39-56FE-4AEA-BA66-4CBA0BECEB9C}.Release|x64.ActiveCfg = Release|Any CPU
		{A1FF9A39-56FE-4AEA-BA66-4CBA0BECEB9C}.Release|x64.Build.0 = Release|Any CPU
		{A1FF9A39-56FE-4AEA-BA66-4CBA0BECEB9C}.Release|x86.ActiveCfg = Release|Any CPU
		{A1FF9A39-56FE-4AEA-BA66-4CBA0BECEB9C}.Release|x86.Build.0 = Release|Any CPU
	EndGlobalSection
	GlobalSection(SolutionProperties) = preSolution
		HideSolutionNode = FALSE
	EndGlobalSection
	GlobalSection(NestedProjects) = preSolution
		{D2014F41-403F-4963-A205-C606BEDB366B} = {16671E85-B961-4076-AC39-3004C9A0BE38}
		{72693B70-3482-409D-92E4-77708F75871C} = {16671E85-B961-4076-AC39-3004C9A0BE38}
		{3266FE6A-43BA-4093-BEB7-302F09E7EAF8} = {99AFC1DE-7468-41CD-B1F9-6D1169C137E3}
		{FE360602-EBB8-4F28-9D2A-0FD27A01393F} = {99AFC1DE-7468-41CD-B1F9-6D1169C137E3}
		{D16BE4CD-02E2-40C2-BA81-FE2FC902F5B7} = {99AFC1DE-7468-41CD-B1F9-6D1169C137E3}
		{EA78B992-0576-46BC-AD9F-18EC420CFAC7} = {99AFC1DE-7468-41CD-B1F9-6D1169C137E3}
		{7087E022-1FEC-4B6A-9550-9971B772AC03} = {99AFC1DE-7468-41CD-B1F9-6D1169C137E3}
		{BECA2FEC-F775-4577-B7A1-930A8758ADBA} = {99AFC1DE-7468-41CD-B1F9-6D1169C137E3}
		{1AB4B508-7C00-4371-BDE5-0177AD5C06E5} = {BBF4C27B-430A-4D87-B61F-6D76B820A2B9}
		{72434114-A58F-4703-8CB9-1E70A1070E3B} = {BBF4C27B-430A-4D87-B61F-6D76B820A2B9}
		{A559AF49-6631-45D8-A2CF-6C7192FD4EB8} = {6E21B7CD-5ECE-4215-8AC5-932150E45D70}
		{09E8F688-1B6E-4CAB-A58E-9683BFCE7CAD} = {6E21B7CD-5ECE-4215-8AC5-932150E45D70}
		{F96C2CEA-59C7-46BB-98F0-0611EC94A213} = {6E21B7CD-5ECE-4215-8AC5-932150E45D70}
		{D80B5DC4-ADD0-B355-1CED-0956DF3E0F52} = {16671E85-B961-4076-AC39-3004C9A0BE38}
		{443202A0-477E-47D7-9944-E28DCA4E0F7A} = {D80B5DC4-ADD0-B355-1CED-0956DF3E0F52}
		{46353D37-32FF-44D5-AE50-1E1F9EF8C2B1} = {16671E85-B961-4076-AC39-3004C9A0BE38}
		{5D17CBB9-3080-4621-9A20-0D99527C6F6A} = {16671E85-B961-4076-AC39-3004C9A0BE38}
		{49459EB9-0E73-41C5-A85E-4D4192653D95} = {16671E85-B961-4076-AC39-3004C9A0BE38}
		{623A6013-FE4B-720B-2B45-F608A26FB25E} = {16671E85-B961-4076-AC39-3004C9A0BE38}
		{F3B8F7B0-D73A-4A39-9551-5E348C83827A} = {99AFC1DE-7468-41CD-B1F9-6D1169C137E3}
		{C21861EB-8580-4D31-BFE6-467C723EA721} = {16671E85-B961-4076-AC39-3004C9A0BE38}
		{A1FF9A39-56FE-4AEA-BA66-4CBA0BECEB9C} = {6E21B7CD-5ECE-4215-8AC5-932150E45D70}
		{9EAC4A7B-2835-BFB1-F1B2-36731D54090B} = {16671E85-B961-4076-AC39-3004C9A0BE38}
	EndGlobalSection
EndGlobal
