
Microsoft Visual Studio Solution File, Format Version 12.00
# Visual Studio Version 17
VisualStudioVersion = 17.0.31903.59
MinimumVisualStudioVersion = 10.0.40219.1
Project("{2150E333-8FDC-42A3-9474-1A3956D46DE8}") = "src", "src", "{1FA895D9-1A27-487A-A97B-3A5B18E8846E}"
EndProject
Project("{FAE04EC0-301F-11D3-BF4B-00C04F79EFBC}") = "Weda.SubNode.Abstractions", "src\Weda.SubNode.Abstractions\Weda.SubNode.Abstractions.csproj", "{A6DC55B0-FEE5-4E89-BC4F-25E1B5BFB327}"
EndProject
Project("{FAE04EC0-301F-11D3-BF4B-00C04F79EFBC}") = "Weda.SubNode.Core", "src\Weda.SubNode.Core\Weda.SubNode.Core.csproj", "{A947DCDC-2682-4E11-96A1-C1438632740D}"
EndProject
Project("{FAE04EC0-301F-11D3-BF4B-00C04F79EFBC}") = "Weda.SubNode.Host", "src\Weda.SubNode.Host\Weda.SubNode.Host.csproj", "{63241634-B745-4A8C-AF5F-5DA585AB7C0D}"
EndProject
Project("{FAE04EC0-301F-11D3-BF4B-00C04F79EFBC}") = "Weda.SubNode.Devices", "src\Weda.SubNode.Devices\Weda.SubNode.Devices.csproj", "{AE345026-251A-4995-830D-BCFD0B21C5CF}"
EndProject
Project("{FAE04EC0-301F-11D3-BF4B-00C04F79EFBC}") = "Weda.SubNode.Cloud", "src\Weda.SubNode.Cloud\Weda.SubNode.Cloud.csproj", "{E3FFC815-A069-4151-9D51-41C08890EAB5}"
EndProject
Project("{2150E333-8FDC-42A3-9474-1A3956D46DE8}") = "examples", "examples", "{FB239FC4-D0D0-4888-8D9D-D03C326BB17B}"
EndProject
Project("{FAE04EC0-301F-11D3-BF4B-00C04F79EFBC}") = "Weda.SubNode.Simulators", "src\Weda.SubNode.Simulators\Weda.SubNode.Simulators.csproj", "{1E44FC5A-A8F4-40C3-AC6C-8740DECBB1A9}"
EndProject
Project("{FAE04EC0-301F-11D3-BF4B-00C04F79EFBC}") = "ModbusSimulatorExample", "examples\ModbusSimulatorExample\ModbusSimulatorExample.csproj", "{E0F67CB2-CB29-47EE-808E-12E10094AEC9}"
EndProject
Project("{FAE04EC0-301F-11D3-BF4B-00C04F79EFBC}") = "ModbusDeviceExample", "examples\ModbusDeviceExample\ModbusDeviceExample.csproj", "{6F64634F-B042-4A05-9BE8-DF82997F36EB}"
EndProject
Project("{2150E333-8FDC-42A3-9474-1A3956D46DE8}") = "tests", "tests", "{F5396A13-4129-4D02-A19B-CEDAD09F0477}"
EndProject
Project("{FAE04EC0-301F-11D3-BF4B-00C04F79EFBC}") = "Weda.SubNode.Core.Tests", "tests\Weda.SubNode.Core.Tests\Weda.SubNode.Core.Tests.csproj", "{0D4F96D8-5E0D-43E9-AF6D-E138DA048475}"
EndProject
Project("{FAE04EC0-301F-11D3-BF4B-00C04F79EFBC}") = "Weda.SubNode.Integration.Tests", "tests\Weda.SubNode.Integration.Tests\Weda.SubNode.Integration.Tests.csproj", "{5BE31AA7-32D0-48D3-872F-E68F5FD8426F}"
EndProject
Project("{FAE04EC0-301F-11D3-BF4B-00C04F79EFBC}") = "Weda.SubNode.TestBase", "tests\Weda.SubNode.TestBase\Weda.SubNode.TestBase.csproj", "{2DDB9238-01CF-46E7-A5EE-1F7C87726DB7}"
EndProject
Project("{FAE04EC0-301F-11D3-BF4B-00C04F79EFBC}") = "Wise4012Example", "examples\Wise4012Example\Wise4012Example.csproj", "{43D7B245-ED3A-4377-99B7-7026C401AA49}"
EndProject
Project("{FAE04EC0-301F-11D3-BF4B-00C04F79EFBC}") = "Wise4012ISensingExample", "examples\Wise4012ISensingExample\Wise4012ISensingExample.csproj", "{923E12BF-DA45-4BF3-985C-6B2FB4FB317E}"
EndProject
Global
	GlobalSection(SolutionConfigurationPlatforms) = preSolution
		Debug|Any CPU = Debug|Any CPU
		Release|Any CPU = Release|Any CPU
	EndGlobalSection
	GlobalSection(SolutionProperties) = preSolution
		HideSolutionNode = FALSE
	EndGlobalSection
	GlobalSection(ProjectConfigurationPlatforms) = postSolution
		{A6DC55B0-FEE5-4E89-BC4F-25E1B5BFB327}.Debug|Any CPU.ActiveCfg = Debug|Any CPU
		{A6DC55B0-FEE5-4E89-BC4F-25E1B5BFB327}.Debug|Any CPU.Build.0 = Debug|Any CPU
		{A6DC55B0-FEE5-4E89-BC4F-25E1B5BFB327}.Release|Any CPU.ActiveCfg = Release|Any CPU
		{A6DC55B0-FEE5-4E89-BC4F-25E1B5BFB327}.Release|Any CPU.Build.0 = Release|Any CPU
		{A947DCDC-2682-4E11-96A1-C1438632740D}.Debug|Any CPU.ActiveCfg = Debug|Any CPU
		{A947DCDC-2682-4E11-96A1-C1438632740D}.Debug|Any CPU.Build.0 = Debug|Any CPU
		{A947DCDC-2682-4E11-96A1-C1438632740D}.Release|Any CPU.ActiveCfg = Release|Any CPU
		{A947DCDC-2682-4E11-96A1-C1438632740D}.Release|Any CPU.Build.0 = Release|Any CPU
		{63241634-B745-4A8C-AF5F-5DA585AB7C0D}.Debug|Any CPU.ActiveCfg = Debug|Any CPU
		{63241634-B745-4A8C-AF5F-5DA585AB7C0D}.Debug|Any CPU.Build.0 = Debug|Any CPU
		{63241634-B745-4A8C-AF5F-5DA585AB7C0D}.Release|Any CPU.ActiveCfg = Release|Any CPU
		{63241634-B745-4A8C-AF5F-5DA585AB7C0D}.Release|Any CPU.Build.0 = Release|Any CPU
		{AE345026-251A-4995-830D-BCFD0B21C5CF}.Debug|Any CPU.ActiveCfg = Debug|Any CPU
		{AE345026-251A-4995-830D-BCFD0B21C5CF}.Debug|Any CPU.Build.0 = Debug|Any CPU
		{AE345026-251A-4995-830D-BCFD0B21C5CF}.Release|Any CPU.ActiveCfg = Release|Any CPU
		{AE345026-251A-4995-830D-BCFD0B21C5CF}.Release|Any CPU.Build.0 = Release|Any CPU
		{E3FFC815-A069-4151-9D51-41C08890EAB5}.Debug|Any CPU.ActiveCfg = Debug|Any CPU
		{E3FFC815-A069-4151-9D51-41C08890EAB5}.Debug|Any CPU.Build.0 = Debug|Any CPU
		{E3FFC815-A069-4151-9D51-41C08890EAB5}.Release|Any CPU.ActiveCfg = Release|Any CPU
		{E3FFC815-A069-4151-9D51-41C08890EAB5}.Release|Any CPU.Build.0 = Release|Any CPU
		{1E44FC5A-A8F4-40C3-AC6C-8740DECBB1A9}.Debug|Any CPU.ActiveCfg = Debug|Any CPU
		{1E44FC5A-A8F4-40C3-AC6C-8740DECBB1A9}.Debug|Any CPU.Build.0 = Debug|Any CPU
		{1E44FC5A-A8F4-40C3-AC6C-8740DECBB1A9}.Release|Any CPU.ActiveCfg = Release|Any CPU
		{1E44FC5A-A8F4-40C3-AC6C-8740DECBB1A9}.Release|Any CPU.Build.0 = Release|Any CPU
		{E0F67CB2-CB29-47EE-808E-12E10094AEC9}.Debug|Any CPU.ActiveCfg = Debug|Any CPU
		{E0F67CB2-CB29-47EE-808E-12E10094AEC9}.Debug|Any CPU.Build.0 = Debug|Any CPU
		{E0F67CB2-CB29-47EE-808E-12E10094AEC9}.Release|Any CPU.ActiveCfg = Release|Any CPU
		{E0F67CB2-CB29-47EE-808E-12E10094AEC9}.Release|Any CPU.Build.0 = Release|Any CPU
		{6F64634F-B042-4A05-9BE8-DF82997F36EB}.Debug|Any CPU.ActiveCfg = Debug|Any CPU
		{6F64634F-B042-4A05-9BE8-DF82997F36EB}.Debug|Any CPU.Build.0 = Debug|Any CPU
		{6F64634F-B042-4A05-9BE8-DF82997F36EB}.Release|Any CPU.ActiveCfg = Release|Any CPU
		{6F64634F-B042-4A05-9BE8-DF82997F36EB}.Release|Any CPU.Build.0 = Release|Any CPU
		{0D4F96D8-5E0D-43E9-AF6D-E138DA048475}.Debug|Any CPU.ActiveCfg = Debug|Any CPU
		{0D4F96D8-5E0D-43E9-AF6D-E138DA048475}.Debug|Any CPU.Build.0 = Debug|Any CPU
		{0D4F96D8-5E0D-43E9-AF6D-E138DA048475}.Release|Any CPU.ActiveCfg = Release|Any CPU
		{0D4F96D8-5E0D-43E9-AF6D-E138DA048475}.Release|Any CPU.Build.0 = Release|Any CPU
		{5BE31AA7-32D0-48D3-872F-E68F5FD8426F}.Debug|Any CPU.ActiveCfg = Debug|Any CPU
		{5BE31AA7-32D0-48D3-872F-E68F5FD8426F}.Debug|Any CPU.Build.0 = Debug|Any CPU
		{5BE31AA7-32D0-48D3-872F-E68F5FD8426F}.Release|Any CPU.ActiveCfg = Release|Any CPU
		{5BE31AA7-32D0-48D3-872F-E68F5FD8426F}.Release|Any CPU.Build.0 = Release|Any CPU
		{2DDB9238-01CF-46E7-A5EE-1F7C87726DB7}.Debug|Any CPU.ActiveCfg = Debug|Any CPU
		{2DDB9238-01CF-46E7-A5EE-1F7C87726DB7}.Debug|Any CPU.Build.0 = Debug|Any CPU
		{2DDB9238-01CF-46E7-A5EE-1F7C87726DB7}.Release|Any CPU.ActiveCfg = Release|Any CPU
		{2DDB9238-01CF-46E7-A5EE-1F7C87726DB7}.Release|Any CPU.Build.0 = Release|Any CPU
		{43D7B245-ED3A-4377-99B7-7026C401AA49}.Debug|Any CPU.ActiveCfg = Debug|Any CPU
		{43D7B245-ED3A-4377-99B7-7026C401AA49}.Debug|Any CPU.Build.0 = Debug|Any CPU
		{43D7B245-ED3A-4377-99B7-7026C401AA49}.Release|Any CPU.ActiveCfg = Release|Any CPU
		{43D7B245-ED3A-4377-99B7-7026C401AA49}.Release|Any CPU.Build.0 = Release|Any CPU
		{923E12BF-DA45-4BF3-985C-6B2FB4FB317E}.Debug|Any CPU.ActiveCfg = Debug|Any CPU
		{923E12BF-DA45-4BF3-985C-6B2FB4FB317E}.Debug|Any CPU.Build.0 = Debug|Any CPU
		{923E12BF-DA45-4BF3-985C-6B2FB4FB317E}.Release|Any CPU.ActiveCfg = Release|Any CPU
		{923E12BF-DA45-4BF3-985C-6B2FB4FB317E}.Release|Any CPU.Build.0 = Release|Any CPU
	EndGlobalSection
	GlobalSection(NestedProjects) = preSolution
		{A6DC55B0-FEE5-4E89-BC4F-25E1B5BFB327} = {1FA895D9-1A27-487A-A97B-3A5B18E8846E}
		{A947DCDC-2682-4E11-96A1-C1438632740D} = {1FA895D9-1A27-487A-A97B-3A5B18E8846E}
		{63241634-B745-4A8C-AF5F-5DA585AB7C0D} = {1FA895D9-1A27-487A-A97B-3A5B18E8846E}
		{AE345026-251A-4995-830D-BCFD0B21C5CF} = {1FA895D9-1A27-487A-A97B-3A5B18E8846E}
		{E3FFC815-A069-4151-9D51-41C08890EAB5} = {1FA895D9-1A27-487A-A97B-3A5B18E8846E}
		{1E44FC5A-A8F4-40C3-AC6C-8740DECBB1A9} = {1FA895D9-1A27-487A-A97B-3A5B18E8846E}
		{E0F67CB2-CB29-47EE-808E-12E10094AEC9} = {FB239FC4-D0D0-4888-8D9D-D03C326BB17B}
		{6F64634F-B042-4A05-9BE8-DF82997F36EB} = {FB239FC4-D0D0-4888-8D9D-D03C326BB17B}
		{0D4F96D8-5E0D-43E9-AF6D-E138DA048475} = {F5396A13-4129-4D02-A19B-CEDAD09F0477}
		{5BE31AA7-32D0-48D3-872F-E68F5FD8426F} = {F5396A13-4129-4D02-A19B-CEDAD09F0477}
		{2DDB9238-01CF-46E7-A5EE-1F7C87726DB7} = {F5396A13-4129-4D02-A19B-CEDAD09F0477}
		{43D7B245-ED3A-4377-99B7-7026C401AA49} = {FB239FC4-D0D0-4888-8D9D-D03C326BB17B}
		{923E12BF-DA45-4BF3-985C-6B2FB4FB317E} = {FB239FC4-D0D0-4888-8D9D-D03C326BB17B}
	EndGlobalSection
EndGlobal
