
Microsoft Visual Studio Solution File, Format Version 12.00
# Visual Studio Version 17
VisualStudioVersion = 17.0.31903.59
MinimumVisualStudioVersion = 10.0.40219.1
Project("{2150E333-8FDC-42A3-9474-1A3956D46DE8}") = "src", "src", "{1FA895D9-1A27-487A-A97B-3A5B18E8846E}"
EndProject
Project("{FAE04EC0-301F-11D3-BF4B-00C04F79EFBC}") = "Weda.SubNode.Abstractions", "src\Weda.SubNode.Abstractions\Weda.SubNode.Abstractions.csproj", "{A6DC55B0-FEE5-4E89-BC4F-25E1B5BFB327}"
EndProject
Project("{FAE04EC0-301F-11D3-BF4B-00C04F79EFBC}") = "Weda.SubNode.Core", "src\Weda.SubNode.Core\Weda.SubNode.Core.csproj", "{A947DCDC-2682-4E11-96A1-C1438632740D}"
EndProject
Project("{FAE04EC0-301F-11D3-BF4B-00C04F79EFBC}") = "Weda.SubNode.Host", "src\Weda.SubNode.Host\Weda.SubNode.Host.csproj", "{63241634-B745-4A8C-AF5F-5DA585AB7C0D}"
EndProject
Project("{FAE04EC0-301F-11D3-BF4B-00C04F79EFBC}") = "Weda.SubNode.Devices", "src\Weda.SubNode.Devices\Weda.SubNode.Devices.csproj", "{AE345026-251A-4995-830D-BCFD0B21C5CF}"
EndProject
Project("{FAE04EC0-301F-11D3-BF4B-00C04F79EFBC}") = "Weda.SubNode.Cloud", "src\Weda.SubNode.Cloud\Weda.SubNode.Cloud.csproj", "{E3FFC815-A069-4151-9D51-41C08890EAB5}"
EndProject
Project("{2150E333-8FDC-42A3-9474-1A3956D46DE8}") = "examples", "examples", "{FB239FC4-D0D0-4888-8D9D-D03C326BB17B}"
EndProject
Project("{FAE04EC0-301F-11D3-BF4B-00C04F79EFBC}") = "Weda.SubNode.Simulators", "src\Weda.SubNode.Simulators\Weda.SubNode.Simulators.csproj", "{1E44FC5A-A8F4-40C3-AC6C-8740DECBB1A9}"
EndProject
Project("{2150E333-8FDC-42A3-9474-1A3956D46DE8}") = "tests", "tests", "{F5396A13-4129-4D02-A19B-CEDAD09F0477}"
EndProject
Project("{FAE04EC0-301F-11D3-BF4B-00C04F79EFBC}") = "Weda.SubNode.Core.Tests", "tests\Weda.SubNode.Core.Tests\Weda.SubNode.Core.Tests.csproj", "{0D4F96D8-5E0D-43E9-AF6D-E138DA048475}"
EndProject
Project("{FAE04EC0-301F-11D3-BF4B-00C04F79EFBC}") = "Weda.SubNode.Integration.Tests", "tests\Weda.SubNode.Integration.Tests\Weda.SubNode.Integration.Tests.csproj", "{5BE31AA7-32D0-48D3-872F-E68F5FD8426F}"
EndProject
Project("{FAE04EC0-301F-11D3-BF4B-00C04F79EFBC}") = "Weda.SubNode.TestBase", "tests\Weda.SubNode.TestBase\Weda.SubNode.TestBase.csproj", "{2DDB9238-01CF-46E7-A5EE-1F7C87726DB7}"
EndProject
Project("{2150E333-8FDC-42A3-9474-1A3956D46DE8}") = "templates", "templates", "{8AC8D381-3B7A-4BFD-9CE6-A4E49A70D040}"
EndProject
Project("{FAE04EC0-301F-11D3-BF4B-00C04F79EFBC}") = "WedaSubNode", "templates\subnode\WedaSubNode.csproj", "{EF116CA5-5725-44EB-BF91-F54D360F1AFC}"
EndProject
Project("{FAE04EC0-301F-11D3-BF4B-00C04F79EFBC}") = "WedaApi", "templates\wedaapi\WedaApi.csproj", "{1361AC75-8627-46D5-8377-75048E0C5565}"
EndProject
Project("{FAE04EC0-301F-11D3-BF4B-00C04F79EFBC}") = "ModbusDeviceExample", "examples\basic-modbus\ModbusDeviceExample.csproj", "{D997648F-89E2-4A78-B00B-1DC1DDD087D6}"
EndProject
Project("{2150E333-8FDC-42A3-9474-1A3956D46DE8}") = "internal", "internal", "{F250E2D5-2733-45F1-B89F-7E43253D8AFD}"
EndProject
Project("{FAE04EC0-301F-11D3-BF4B-00C04F79EFBC}") = "Wise4012ISensingExample", "internal\wise-4012-isensing\Wise4012ISensingExample.csproj", "{CB34C611-47C9-4DBB-9B59-83EC23956317}"
EndProject
Project("{FAE04EC0-301F-11D3-BF4B-00C04F79EFBC}") = "Wise4012Example", "internal\wise-4012\Wise4012Example.csproj", "{F52B6B62-8BB0-44DE-BDEE-80DA45115287}"
EndProject
Global
	GlobalSection(SolutionConfigurationPlatforms) = preSolution
		Debug|Any CPU = Debug|Any CPU
		Release|Any CPU = Release|Any CPU
	EndGlobalSection
	GlobalSection(SolutionProperties) = preSolution
		HideSolutionNode = FALSE
	EndGlobalSection
	GlobalSection(ProjectConfigurationPlatforms) = postSolution
		{A6DC55B0-FEE5-4E89-BC4F-25E1B5BFB327}.Debug|Any CPU.ActiveCfg = Debug|Any CPU
		{A6DC55B0-FEE5-4E89-BC4F-25E1B5BFB327}.Debug|Any CPU.Build.0 = Debug|Any CPU
		{A6DC55B0-FEE5-4E89-BC4F-25E1B5BFB327}.Release|Any CPU.ActiveCfg = Release|Any CPU
		{A6DC55B0-FEE5-4E89-BC4F-25E1B5BFB327}.Release|Any CPU.Build.0 = Release|Any CPU
		{A947DCDC-2682-4E11-96A1-C1438632740D}.Debug|Any CPU.ActiveCfg = Debug|Any CPU
		{A947DCDC-2682-4E11-96A1-C1438632740D}.Debug|Any CPU.Build.0 = Debug|Any CPU
		{A947DCDC-2682-4E11-96A1-C1438632740D}.Release|Any CPU.ActiveCfg = Release|Any CPU
		{A947DCDC-2682-4E11-96A1-C1438632740D}.Release|Any CPU.Build.0 = Release|Any CPU
		{63241634-B745-4A8C-AF5F-5DA585AB7C0D}.Debug|Any CPU.ActiveCfg = Debug|Any CPU
		{63241634-B745-4A8C-AF5F-5DA585AB7C0D}.Debug|Any CPU.Build.0 = Debug|Any CPU
		{63241634-B745-4A8C-AF5F-5DA585AB7C0D}.Release|Any CPU.ActiveCfg = Release|Any CPU
		{63241634-B745-4A8C-AF5F-5DA585AB7C0D}.Release|Any CPU.Build.0 = Release|Any CPU
		{AE345026-251A-4995-830D-BCFD0B21C5CF}.Debug|Any CPU.ActiveCfg = Debug|Any CPU
		{AE345026-251A-4995-830D-BCFD0B21C5CF}.Debug|Any CPU.Build.0 = Debug|Any CPU
		{AE345026-251A-4995-830D-BCFD0B21C5CF}.Release|Any CPU.ActiveCfg = Release|Any CPU
		{AE345026-251A-4995-830D-BCFD0B21C5CF}.Release|Any CPU.Build.0 = Release|Any CPU
		{E3FFC815-A069-4151-9D51-41C08890EAB5}.Debug|Any CPU.ActiveCfg = Debug|Any CPU
		{E3FFC815-A069-4151-9D51-41C08890EAB5}.Debug|Any CPU.Build.0 = Debug|Any CPU
		{E3FFC815-A069-4151-9D51-41C08890EAB5}.Release|Any CPU.ActiveCfg = Release|Any CPU
		{E3FFC815-A069-4151-9D51-41C08890EAB5}.Release|Any CPU.Build.0 = Release|Any CPU
		{1E44FC5A-A8F4-40C3-AC6C-8740DECBB1A9}.Debug|Any CPU.ActiveCfg = Debug|Any CPU
		{1E44FC5A-A8F4-40C3-AC6C-8740DECBB1A9}.Debug|Any CPU.Build.0 = Debug|Any CPU
		{1E44FC5A-A8F4-40C3-AC6C-8740DECBB1A9}.Release|Any CPU.ActiveCfg = Release|Any CPU
		{1E44FC5A-A8F4-40C3-AC6C-8740DECBB1A9}.Release|Any CPU.Build.0 = Release|Any CPU
		{0D4F96D8-5E0D-43E9-AF6D-E138DA048475}.Debug|Any CPU.ActiveCfg = Debug|Any CPU
		{0D4F96D8-5E0D-43E9-AF6D-E138DA048475}.Debug|Any CPU.Build.0 = Debug|Any CPU
		{0D4F96D8-5E0D-43E9-AF6D-E138DA048475}.Release|Any CPU.ActiveCfg = Release|Any CPU
		{0D4F96D8-5E0D-43E9-AF6D-E138DA048475}.Release|Any CPU.Build.0 = Release|Any CPU
		{5BE31AA7-32D0-48D3-872F-E68F5FD8426F}.Debug|Any CPU.ActiveCfg = Debug|Any CPU
		{5BE31AA7-32D0-48D3-872F-E68F5FD8426F}.Debug|Any CPU.Build.0 = Debug|Any CPU
		{5BE31AA7-32D0-48D3-872F-E68F5FD8426F}.Release|Any CPU.ActiveCfg = Release|Any CPU
		{5BE31AA7-32D0-48D3-872F-E68F5FD8426F}.Release|Any CPU.Build.0 = Release|Any CPU
		{2DDB9238-01CF-46E7-A5EE-1F7C87726DB7}.Debug|Any CPU.ActiveCfg = Debug|Any CPU
		{2DDB9238-01CF-46E7-A5EE-1F7C87726DB7}.Debug|Any CPU.Build.0 = Debug|Any CPU
		{2DDB9238-01CF-46E7-A5EE-1F7C87726DB7}.Release|Any CPU.ActiveCfg = Release|Any CPU
		{2DDB9238-01CF-46E7-A5EE-1F7C87726DB7}.Release|Any CPU.Build.0 = Release|Any CPU
		{EF116CA5-5725-44EB-BF91-F54D360F1AFC}.Debug|Any CPU.ActiveCfg = Debug|Any CPU
		{EF116CA5-5725-44EB-BF91-F54D360F1AFC}.Debug|Any CPU.Build.0 = Debug|Any CPU
		{EF116CA5-5725-44EB-BF91-F54D360F1AFC}.Release|Any CPU.ActiveCfg = Release|Any CPU
		{EF116CA5-5725-44EB-BF91-F54D360F1AFC}.Release|Any CPU.Build.0 = Release|Any CPU
		{1361AC75-8627-46D5-8377-75048E0C5565}.Debug|Any CPU.ActiveCfg = Debug|Any CPU
		{1361AC75-8627-46D5-8377-75048E0C5565}.Debug|Any CPU.Build.0 = Debug|Any CPU
		{1361AC75-8627-46D5-8377-75048E0C5565}.Release|Any CPU.ActiveCfg = Release|Any CPU
		{1361AC75-8627-46D5-8377-75048E0C5565}.Release|Any CPU.Build.0 = Release|Any CPU
		{D997648F-89E2-4A78-B00B-1DC1DDD087D6}.Debug|Any CPU.ActiveCfg = Debug|Any CPU
		{D997648F-89E2-4A78-B00B-1DC1DDD087D6}.Debug|Any CPU.Build.0 = Debug|Any CPU
		{D997648F-89E2-4A78-B00B-1DC1DDD087D6}.Release|Any CPU.ActiveCfg = Release|Any CPU
		{D997648F-89E2-4A78-B00B-1DC1DDD087D6}.Release|Any CPU.Build.0 = Release|Any CPU
		{CB34C611-47C9-4DBB-9B59-83EC23956317}.Debug|Any CPU.ActiveCfg = Debug|Any CPU
		{CB34C611-47C9-4DBB-9B59-83EC23956317}.Debug|Any CPU.Build.0 = Debug|Any CPU
		{CB34C611-47C9-4DBB-9B59-83EC23956317}.Release|Any CPU.ActiveCfg = Release|Any CPU
		{CB34C611-47C9-4DBB-9B59-83EC23956317}.Release|Any CPU.Build.0 = Release|Any CPU
		{F52B6B62-8BB0-44DE-BDEE-80DA45115287}.Debug|Any CPU.ActiveCfg = Debug|Any CPU
		{F52B6B62-8BB0-44DE-BDEE-80DA45115287}.Debug|Any CPU.Build.0 = Debug|Any CPU
		{F52B6B62-8BB0-44DE-BDEE-80DA45115287}.Release|Any CPU.ActiveCfg = Release|Any CPU
		{F52B6B62-8BB0-44DE-BDEE-80DA45115287}.Release|Any CPU.Build.0 = Release|Any CPU
	EndGlobalSection
	GlobalSection(NestedProjects) = preSolution
		{A6DC55B0-FEE5-4E89-BC4F-25E1B5BFB327} = {1FA895D9-1A27-487A-A97B-3A5B18E8846E}
		{A947DCDC-2682-4E11-96A1-C1438632740D} = {1FA895D9-1A27-487A-A97B-3A5B18E8846E}
		{63241634-B745-4A8C-AF5F-5DA585AB7C0D} = {1FA895D9-1A27-487A-A97B-3A5B18E8846E}
		{AE345026-251A-4995-830D-BCFD0B21C5CF} = {1FA895D9-1A27-487A-A97B-3A5B18E8846E}
		{E3FFC815-A069-4151-9D51-41C08890EAB5} = {1FA895D9-1A27-487A-A97B-3A5B18E8846E}
		{1E44FC5A-A8F4-40C3-AC6C-8740DECBB1A9} = {1FA895D9-1A27-487A-A97B-3A5B18E8846E}
		{0D4F96D8-5E0D-43E9-AF6D-E138DA048475} = {F5396A13-4129-4D02-A19B-CEDAD09F0477}
		{5BE31AA7-32D0-48D3-872F-E68F5FD8426F} = {F5396A13-4129-4D02-A19B-CEDAD09F0477}
		{2DDB9238-01CF-46E7-A5EE-1F7C87726DB7} = {F5396A13-4129-4D02-A19B-CEDAD09F0477}
		{EF116CA5-5725-44EB-BF91-F54D360F1AFC} = {8AC8D381-3B7A-4BFD-9CE6-A4E49A70D040}
		{1361AC75-8627-46D5-8377-75048E0C5565} = {8AC8D381-3B7A-4BFD-9CE6-A4E49A70D040}
		{D997648F-89E2-4A78-B00B-1DC1DDD087D6} = {FB239FC4-D0D0-4888-8D9D-D03C326BB17B}
		{CB34C611-47C9-4DBB-9B59-83EC23956317} = {F250E2D5-2733-45F1-B89F-7E43253D8AFD}
		{F52B6B62-8BB0-44DE-BDEE-80DA45115287} = {F250E2D5-2733-45F1-B89F-7E43253D8AFD}
	EndGlobalSection
EndGlobal
